
Microsoft Visual Studio Solution File, Format Version 12.00
# Visual Studio 15
VisualStudioVersion = 15.0.27703.2047
MinimumVisualStudioVersion = 10.0.40219.1
Project("{2150E333-8FDC-42A3-9474-1A3956D46DE8}") = "src", "src", "{91F2999F-8B87-4ED5-8D89-B38F7AB007E6}"
EndProject
Project("{2150E333-8FDC-42A3-9474-1A3956D46DE8}") = "Solution Items", "Solution Items", "{7D29A07A-02F7-4D31-AFE3-40A9B3C37038}"
	ProjectSection(SolutionItems) = preProject
		.gitattributes = .gitattributes
		.gitignore = .gitignore
		LICENSE = LICENSE
	EndProjectSection
EndProject
Project("{2150E333-8FDC-42A3-9474-1A3956D46DE8}") = "test", "test", "{3A64A240-696A-46A3-B4F3-A0866B0C8CF7}"
EndProject
Project("{9A19103F-16F7-4668-BE54-9A1E7A4F7556}") = "Simple.AspNetCore.Seedwork.Test", "test\AspNetCore.WebApi.Seedwork.SimpleDocumentTest\Simple.AspNetCore.Seedwork.Test.csproj", "{A4EA3A9D-0BFE-4473-899A-168A6F625A59}"
EndProject
Project("{9A19103F-16F7-4668-BE54-9A1E7A4F7556}") = "Simple.AspNetCore.Seedwork.ApiDocument", "src\Simple.AspNetCore.ApiDocument\Simple.AspNetCore.Seedwork.ApiDocument.csproj", "{1760B8A2-98F9-4189-B800-68D77FC41B3E}"
EndProject
Project("{9A19103F-16F7-4668-BE54-9A1E7A4F7556}") = "Simple.AspNetCore.Seedwork.Cors", "src\Simple.AspNetCore.Seedwork.Cors\Simple.AspNetCore.Seedwork.Cors.csproj", "{1F9430E8-B900-4A53-8B35-E054CFC0D12B}"
EndProject
Project("{9A19103F-16F7-4668-BE54-9A1E7A4F7556}") = "Simple.AspNetCore.Seedwork.MvcCore", "src\Simple.AspNetCore.Seedwork.MvcCore\Simple.AspNetCore.Seedwork.MvcCore.csproj", "{6A5B1F69-28CB-4B63-9833-FAD32B91FD1C}"
EndProject
Global
	GlobalSection(SolutionConfigurationPlatforms) = preSolution
		Debug|Any CPU = Debug|Any CPU
		Release|Any CPU = Release|Any CPU
	EndGlobalSection
	GlobalSection(ProjectConfigurationPlatforms) = postSolution
		{A4EA3A9D-0BFE-4473-899A-168A6F625A59}.Debug|Any CPU.ActiveCfg = Debug|Any CPU
		{A4EA3A9D-0BFE-4473-899A-168A6F625A59}.Debug|Any CPU.Build.0 = Debug|Any CPU
		{A4EA3A9D-0BFE-4473-899A-168A6F625A59}.Release|Any CPU.ActiveCfg = Release|Any CPU
		{A4EA3A9D-0BFE-4473-899A-168A6F625A59}.Release|Any CPU.Build.0 = Release|Any CPU
		{1760B8A2-98F9-4189-B800-68D77FC41B3E}.Debug|Any CPU.ActiveCfg = Debug|Any CPU
		{1760B8A2-98F9-4189-B800-68D77FC41B3E}.Debug|Any CPU.Build.0 = Debug|Any CPU
		{1760B8A2-98F9-4189-B800-68D77FC41B3E}.Release|Any CPU.ActiveCfg = Release|Any CPU
		{1760B8A2-98F9-4189-B800-68D77FC41B3E}.Release|Any CPU.Build.0 = Release|Any CPU
		{1F9430E8-B900-4A53-8B35-E054CFC0D12B}.Debug|Any CPU.ActiveCfg = Debug|Any CPU
		{1F9430E8-B900-4A53-8B35-E054CFC0D12B}.Debug|Any CPU.Build.0 = Debug|Any CPU
		{1F9430E8-B900-4A53-8B35-E054CFC0D12B}.Release|Any CPU.ActiveCfg = Release|Any CPU
		{1F9430E8-B900-4A53-8B35-E054CFC0D12B}.Release|Any CPU.Build.0 = Release|Any CPU
		{6A5B1F69-28CB-4B63-9833-FAD32B91FD1C}.Debug|Any CPU.ActiveCfg = Debug|Any CPU
		{6A5B1F69-28CB-4B63-9833-FAD32B91FD1C}.Debug|Any CPU.Build.0 = Debug|Any CPU
		{6A5B1F69-28CB-4B63-9833-FAD32B91FD1C}.Release|Any CPU.ActiveCfg = Release|Any CPU
		{6A5B1F69-28CB-4B63-9833-FAD32B91FD1C}.Release|Any CPU.Build.0 = Release|Any CPU
	EndGlobalSection
	GlobalSection(SolutionProperties) = preSolution
		HideSolutionNode = FALSE
	EndGlobalSection
	GlobalSection(NestedProjects) = preSolution
		{A4EA3A9D-0BFE-4473-899A-168A6F625A59} = {3A64A240-696A-46A3-B4F3-A0866B0C8CF7}
		{1760B8A2-98F9-4189-B800-68D77FC41B3E} = {91F2999F-8B87-4ED5-8D89-B38F7AB007E6}
		{1F9430E8-B900-4A53-8B35-E054CFC0D12B} = {91F2999F-8B87-4ED5-8D89-B38F7AB007E6}
		{6A5B1F69-28CB-4B63-9833-FAD32B91FD1C} = {91F2999F-8B87-4ED5-8D89-B38F7AB007E6}
	EndGlobalSection
	GlobalSection(ExtensibilityGlobals) = postSolution
		SolutionGuid = {0B05135D-4A8C-4ECD-A2E7-7A40AA5AB24B}
	EndGlobalSection
EndGlobal
